
Microsoft Visual Studio Solution File, Format Version 12.00
# Visual Studio 15
VisualStudioVersion = 15.0.28307.852
MinimumVisualStudioVersion = 10.0.40219.1
Project("{FAE04EC0-301F-11D3-BF4B-00C04F79EFBC}") = "MHFConnector", "MHFConnector\MHFConnector.csproj", "{51189822-07DD-4B26-882A-35BC40CAD2C2}"
EndProject
Project("{FAE04EC0-301F-11D3-BF4B-00C04F79EFBC}") = "MHFHook", "MHFHook\MHFHook.csproj", "{F29B96AC-74E8-4A16-B1E3-63D6EE54E23D}"
EndProject
Global
	GlobalSection(SolutionConfigurationPlatforms) = preSolution
		Debug|Any CPU = Debug|Any CPU
		Release|Any CPU = Release|Any CPU
	EndGlobalSection
	GlobalSection(ProjectConfigurationPlatforms) = postSolution
		{51189822-07DD-4B26-882A-35BC40CAD2C2}.Debug|Any CPU.ActiveCfg = Debug|Any CPU
		{51189822-07DD-4B26-882A-35BC40CAD2C2}.Debug|Any CPU.Build.0 = Debug|Any CPU
		{51189822-07DD-4B26-882A-35BC40CAD2C2}.Release|Any CPU.ActiveCfg = Release|Any CPU
		{51189822-07DD-4B26-882A-35BC40CAD2C2}.Release|Any CPU.Build.0 = Release|Any CPU
		{F29B96AC-74E8-4A16-B1E3-63D6EE54E23D}.Debug|Any CPU.ActiveCfg = Debug|Any CPU
		{F29B96AC-74E8-4A16-B1E3-63D6EE54E23D}.Debug|Any CPU.Build.0 = Debug|Any CPU
		{F29B96AC-74E8-4A16-B1E3-63D6EE54E23D}.Release|Any CPU.ActiveCfg = Release|Any CPU
		{F29B96AC-74E8-4A16-B1E3-63D6EE54E23D}.Release|Any CPU.Build.0 = Release|Any CPU
	EndGlobalSection
	GlobalSection(SolutionProperties) = preSolution
		HideSolutionNode = FALSE
	EndGlobalSection
	GlobalSection(ExtensibilityGlobals) = postSolution
		SolutionGuid = {E2497F74-BD0E-4B92-B751-BEC9B9CE9F3A}
	EndGlobalSection
EndGlobal
